
Microsoft Visual Studio Solution File, Format Version 12.00
# Visual Studio 15
VisualStudioVersion = 15.0.26228.9
MinimumVisualStudioVersion = 10.0.40219.1
Project("{FAE04EC0-301F-11D3-BF4B-00C04F79EFBC}") = "ChatApplicationGui", "ChatApplicationGui\ChatApplicationGui.csproj", "{E2A9A9E9-50DF-43A3-8910-E43F2D25FA6A}"
EndProject
Project("{FAE04EC0-301F-11D3-BF4B-00C04F79EFBC}") = "ChatApplication", "ChatApplication\ChatApplication.csproj", "{0C559056-DB64-41A5-A211-E3B3B1E24CF1}"
EndProject
Project("{FAE04EC0-301F-11D3-BF4B-00C04F79EFBC}") = "ChatApplicationTests", "ChatApplicationTests\ChatApplicationTests.csproj", "{332497F3-B6FC-4F6A-B1D2-ACF9DCDE059D}"
EndProject
Project("{FAE04EC0-301F-11D3-BF4B-00C04F79EFBC}") = "ChatApplicationUtilities", "ChatApplicationUtilities\ChatApplicationUtilities.csproj", "{7E903D11-3D5F-477B-9324-58B6FC391D7B}"
EndProject
Global
	GlobalSection(SolutionConfigurationPlatforms) = preSolution
		Debug|Any CPU = Debug|Any CPU
		Release|Any CPU = Release|Any CPU
	EndGlobalSection
	GlobalSection(ProjectConfigurationPlatforms) = postSolution
		{E2A9A9E9-50DF-43A3-8910-E43F2D25FA6A}.Debug|Any CPU.ActiveCfg = Debug|Any CPU
		{E2A9A9E9-50DF-43A3-8910-E43F2D25FA6A}.Debug|Any CPU.Build.0 = Debug|Any CPU
		{E2A9A9E9-50DF-43A3-8910-E43F2D25FA6A}.Release|Any CPU.ActiveCfg = Release|Any CPU
		{E2A9A9E9-50DF-43A3-8910-E43F2D25FA6A}.Release|Any CPU.Build.0 = Release|Any CPU
		{0C559056-DB64-41A5-A211-E3B3B1E24CF1}.Debug|Any CPU.ActiveCfg = Debug|Any CPU
		{0C559056-DB64-41A5-A211-E3B3B1E24CF1}.Debug|Any CPU.Build.0 = Debug|Any CPU
		{0C559056-DB64-41A5-A211-E3B3B1E24CF1}.Release|Any CPU.ActiveCfg = Release|Any CPU
		{0C559056-DB64-41A5-A211-E3B3B1E24CF1}.Release|Any CPU.Build.0 = Release|Any CPU
		{332497F3-B6FC-4F6A-B1D2-ACF9DCDE059D}.Debug|Any CPU.ActiveCfg = Debug|Any CPU
		{332497F3-B6FC-4F6A-B1D2-ACF9DCDE059D}.Debug|Any CPU.Build.0 = Debug|Any CPU
		{332497F3-B6FC-4F6A-B1D2-ACF9DCDE059D}.Release|Any CPU.ActiveCfg = Release|Any CPU
		{332497F3-B6FC-4F6A-B1D2-ACF9DCDE059D}.Release|Any CPU.Build.0 = Release|Any CPU
		{7E903D11-3D5F-477B-9324-58B6FC391D7B}.Debug|Any CPU.ActiveCfg = Debug|Any CPU
		{7E903D11-3D5F-477B-9324-58B6FC391D7B}.Debug|Any CPU.Build.0 = Debug|Any CPU
		{7E903D11-3D5F-477B-9324-58B6FC391D7B}.Release|Any CPU.ActiveCfg = Release|Any CPU
		{7E903D11-3D5F-477B-9324-58B6FC391D7B}.Release|Any CPU.Build.0 = Release|Any CPU
	EndGlobalSection
	GlobalSection(SolutionProperties) = preSolution
		HideSolutionNode = FALSE
	EndGlobalSection
EndGlobal
